Microsoft Visual Studio Solution File, Format Version 12.00
# Visual Studio Version 17
VisualStudioVersion = 17.5.2.0
MinimumVisualStudioVersion = 10.0.40219.1
Project("{FAE04EC0-301F-11D3-BF4B-00C04F79EFBC}") = "StudentScore", "StudentScore\StudentScore.csproj", "{C40354A5-3F99-974C-D12D-9C4847F00144}"
EndProject
Global
	GlobalSection(SolutionConfigurationPlatforms) = preSolution
		Debug|Any CPU = Debug|Any CPU
		Release|Any CPU = Release|Any CPU
	EndGlobalSection
	GlobalSection(ProjectConfigurationPlatforms) = postSolution
		{C40354A5-3F99-974C-D12D-9C4847F00144}.Debug|Any CPU.ActiveCfg = Debug|Any CPU
		{C40354A5-3F99-974C-D12D-9C4847F00144}.Debug|Any CPU.Build.0 = Debug|Any CPU
		{C40354A5-3F99-974C-D12D-9C4847F00144}.Release|Any CPU.ActiveCfg = Release|Any CPU
		{C40354A5-3F99-974C-D12D-9C4847F00144}.Release|Any CPU.Build.0 = Release|Any CPU
	EndGlobalSection
	GlobalSection(SolutionProperties) = preSolution
		HideSolutionNode = FALSE
	EndGlobalSection
	GlobalSection(ExtensibilityGlobals) = postSolution
		SolutionGuid = {50DAED9D-CDF5-48B3-A6F3-DAE8BCF1F72B}
	EndGlobalSection
EndGlobal
